// !$*UTF8*$!
{
	archiveVersion = 1;
	classes = {
	};
	objectVersion = 46;
	objects = {

/* Begin PBXBuildFile section */
		4709E4201B5FDD2E00514093 /* main.m in Sources */ = {isa = PBXBuildFile; fileRef = 4709E41F1B5FDD2E00514093 /* main.m */; };
		4709E4231B5FDD2E00514093 /* AppDelegate.m in Sources */ = {isa = PBXBuildFile; fileRef = 4709E4221B5FDD2E00514093 /* AppDelegate.m */; };
		4709E4261B5FDD2E00514093 /* ViewController.m in Sources */ = {isa = PBXBuildFile; fileRef = 4709E4251B5FDD2E00514093 /* ViewController.m */; };
		4709E4291B5FDD2E00514093 /* Main.storyboard in Resources */ = {isa = PBXBuildFile; fileRef = 4709E4271B5FDD2E00514093 /* Main.storyboard */; };
		4709E42B1B5FDD2E00514093 /* Images.xcassets in Resources */ = {isa = PBXBuildFile; fileRef = 4709E42A1B5FDD2E00514093 /* Images.xcassets */; };
		4709E42E1B5FDD2E00514093 /* LaunchScreen.xib in Resources */ = {isa = PBXBuildFile; fileRef = 4709E42C1B5FDD2E00514093 /* LaunchScreen.xib */; };
		4709E43A1B5FDD2E00514093 /* KTThenAndNowTests.m in Sources */ = {isa = PBXBuildFile; fileRef = 4709E4391B5FDD2E00514093 /* KTThenAndNowTests.m */; };
/* End PBXBuildFile section */

/* Begin PBXContainerItemProxy section */
		4709E4341B5FDD2E00514093 /* PBXContainerItemProxy */ = {
			isa = PBXContainerItemProxy;
			containerPortal = 4709E4121B5FDD2E00514093 /* Project object */;
			proxyType = 1;
			remoteGlobalIDString = 4709E4191B5FDD2E00514093;
			remoteInfo = KTThenAndNow;
		};
/* End PBXContainerItemProxy section */

/* Begin PBXFileReference section */
		4709E41A1B5FDD2E00514093 /* KTThenAndNow.app */ = {isa = PBXFileReference; explicitFileType = wrapper.application; includeInIndex = 0; path = KTThenAndNow.app; sourceTree = BUILT_PRODUCTS_DIR; };
		4709E41E1B5FDD2E00514093 /* Info.plist */ = {isa = PBXFileReference; lastKnownFileType = text.plist.xml; path = Info.plist; sourceTree = "<group>"; };
		4709E41F1B5FDD2E00514093 /* main.m */ = {isa = PBXFileReference; lastKnownFileType = sourcecode.c.objc; path = main.m; sourceTree = "<group>"; };
		4709E4211B5FDD2E00514093 /* AppDelegate.h */ = {isa = PBXFileReference; lastKnownFileType = sourcecode.c.h; path = AppDelegate.h; sourceTree = "<group>"; };
		4709E4221B5FDD2E00514093 /* AppDelegate.m */ = {isa = PBXFileReference; lastKnownFileType = sourcecode.c.objc; path = AppDelegate.m; sourceTree = "<group>"; };
		4709E4241B5FDD2E00514093 /* ViewController.h */ = {isa = PBXFileReference; lastKnownFileType = sourcecode.c.h; path = ViewController.h; sourceTree = "<group>"; };
		4709E4251B5FDD2E00514093 /* ViewController.m */ = {isa = PBXFileReference; lastKnownFileType = sourcecode.c.objc; path = ViewController.m; sourceTree = "<group>"; };
		4709E4281B5FDD2E00514093 /* Base */ = {isa = PBXFileReference; lastKnownFileType = file.storyboard; name = Base; path = Base.lproj/Main.storyboard; sourceTree = "<group>"; };
		4709E42A1B5FDD2E00514093 /* Images.xcassets */ = {isa = PBXFileReference; lastKnownFileType = folder.assetcatalog; path = Images.xcassets; sourceTree = "<group>"; };
		4709E42D1B5FDD2E00514093 /* Base */ = {isa = PBXFileReference; lastKnownFileType = file.xib; name = Base; path = Base.lproj/LaunchScreen.xib; sourceTree = "<group>"; };
		4709E4331B5FDD2E00514093 /* KTThenAndNowTests.xctest */ = {isa = PBXFileReference; explicitFileType = wrapper.cfbundle; includeInIndex = 0; path = KTThenAndNowTests.xctest; sourceTree = BUILT_PRODUCTS_DIR; };
		4709E4381B5FDD2E00514093 /* Info.plist */ = {isa = PBXFileReference; lastKnownFileType = text.plist.xml; path = Info.plist; sourceTree = "<group>"; };
		4709E4391B5FDD2E00514093 /* KTThenAndNowTests.m */ = {isa = PBXFileReference; lastKnownFileType = sourcecode.c.objc; path = KTThenAndNowTests.m; sourceTree = "<group>"; };
/* End PBXFileReference section */

/* Begin PBXFrameworksBuildPhase section */
		4709E4171B5FDD2E00514093 /* Frameworks */ = {
			isa = PBXFrameworksBuildPhase;
			buildActionMask = 2147483647;
			files = (
			);
			runOnlyForDeploymentPostprocessing = 0;
		};
		4709E4301B5FDD2E00514093 /* Frameworks */ = {
			isa = PBXFrameworksBuildPhase;
			buildActionMask = 2147483647;
			files = (
			);
			runOnlyForDeploymentPostprocessing = 0;
		};
/* End PBXFrameworksBuildPhase section */

/* Begin PBXGroup section */
		4709E4111B5FDD2E00514093 = {
			isa = PBXGroup;
			children = (
				4709E41C1B5FDD2E00514093 /* KTThenAndNow */,
				4709E4361B5FDD2E00514093 /* KTThenAndNowTests */,
				4709E41B1B5FDD2E00514093 /* Products */,
			);
			sourceTree = "<group>";
		};
		4709E41B1B5FDD2E00514093 /* Products */ = {
			isa = PBXGroup;
			children = (
				4709E41A1B5FDD2E00514093 /* KTThenAndNow.app */,
				4709E4331B5FDD2E00514093 /* KTThenAndNowTests.xctest */,
			);
			name = Products;
			sourceTree = "<group>";
		};
		4709E41C1B5FDD2E00514093 /* KTThenAndNow */ = {
			isa = PBXGroup;
			children = (
				4709E4211B5FDD2E00514093 /* AppDelegate.h */,
				4709E4221B5FDD2E00514093 /* AppDelegate.m */,
				4709E4241B5FDD2E00514093 /* ViewController.h */,
				4709E4251B5FDD2E00514093 /* ViewController.m */,
				4709E4271B5FDD2E00514093 /* Main.storyboard */,
				4709E42A1B5FDD2E00514093 /* Images.xcassets */,
				4709E42C1B5FDD2E00514093 /* LaunchScreen.xib */,
				4709E41D1B5FDD2E00514093 /* Supporting Files */,
			);
			path = KTThenAndNow;
			sourceTree = "<group>";
		};
		4709E41D1B5FDD2E00514093 /* Supporting Files */ = {
			isa = PBXGroup;
			children = (
				4709E41E1B5FDD2E00514093 /* Info.plist */,
				4709E41F1B5FDD2E00514093 /* main.m */,
			);
			name = "Supporting Files";
			sourceTree = "<group>";
		};
		4709E4361B5FDD2E00514093 /* KTThenAndNowTests */ = {
			isa = PBXGroup;
			children = (
				4709E4391B5FDD2E00514093 /* KTThenAndNowTests.m */,
				4709E4371B5FDD2E00514093 /* Supporting Files */,
			);
			path = KTThenAndNowTests;
			sourceTree = "<group>";
		};
		4709E4371B5FDD2E00514093 /* Supporting Files */ = {
			isa = PBXGroup;
			children = (
				4709E4381B5FDD2E00514093 /* Info.plist */,
			);
			name = "Supporting Files";
			sourceTree = "<group>";
		};
/* End PBXGroup section */

/* Begin PBXNativeTarget section */
		4709E4191B5FDD2E00514093 /* KTThenAndNow */ = {
			isa = PBXNativeTarget;
			buildConfigurationList = 4709E43D1B5FDD2E00514093 /* Build configuration list for PBXNativeTarget "KTThenAndNow" */;
			buildPhases = (
				4709E4161B5FDD2E00514093 /* Sources */,
				4709E4171B5FDD2E00514093 /* Frameworks */,
				4709E4181B5FDD2E00514093 /* Resources */,
			);
			buildRules = (
			);
			dependencies = (
			);
			name = KTThenAndNow;
			productName = KTThenAndNow;
			productReference = 4709E41A1B5FDD2E00514093 /* KTThenAndNow.app */;
			productType = "com.apple.product-type.application";
		};
		4709E4321B5FDD2E00514093 /* KTThenAndNowTests */ = {
			isa = PBXNativeTarget;
			buildConfigurationList = 4709E4401B5FDD2E00514093 /* Build configuration list for PBXNativeTarget "KTThenAndNowTests" */;
			buildPhases = (
				4709E42F1B5FDD2E00514093 /* Sources */,
				4709E4301B5FDD2E00514093 /* Frameworks */,
				4709E4311B5FDD2E00514093 /* Resources */,
			);
			buildRules = (
			);
			dependencies = (
				4709E4351B5FDD2E00514093 /* PBXTargetDependency */,
			);
			name = KTThenAndNowTests;
			productName = KTThenAndNowTests;
			productReference = 4709E4331B5FDD2E00514093 /* KTThenAndNowTests.xctest */;
			productType = "com.apple.product-type.bundle.unit-test";
		};
/* End PBXNativeTarget section */

/* Begin PBXProject section */
		4709E4121B5FDD2E00514093 /* Project object */ = {
			isa = PBXProject;
			attributes = {
				LastUpgradeCheck = 0630;
				ORGANIZATIONNAME = "Batu Orhanalp";
				TargetAttributes = {
					4709E4191B5FDD2E00514093 = {
						CreatedOnToolsVersion = 6.3.1;
					};
					4709E4321B5FDD2E00514093 = {
						CreatedOnToolsVersion = 6.3.1;
						TestTargetID = 4709E4191B5FDD2E00514093;
					};
				};
			};
			buildConfigurationList = 4709E4151B5FDD2E00514093 /* Build configuration list for PBXProject "KTThenAndNow" */;
			compatibilityVersion = "Xcode 3.2";
			developmentRegion = English;
			hasScannedForEncodings = 0;
			knownRegions = (
				en,
				Base,
			);
			mainGroup = 4709E4111B5FDD2E00514093;
			productRefGroup = 4709E41B1B5FDD2E00514093 /* Products */;
			projectDirPath = "";
			projectRoot = "";
			targets = (
				4709E4191B5FDD2E00514093 /* KTThenAndNow */,
				4709E4321B5FDD2E00514093 /* KTThenAndNowTests */,
			);
		};
/* End PBXProject section */

/* Begin PBXResourcesBuildPhase section */
		4709E4181B5FDD2E00514093 /* Resources */ = {
			isa = PBXResourcesBuildPhase;
			buildActionMask = 2147483647;
			files = (
				4709E4291B5FDD2E00514093 /* Main.storyboard in Resources */,
				4709E42E1B5FDD2E00514093 /* LaunchScreen.xib in Resources */,
				4709E42B1B5FDD2E00514093 /* Images.xcassets in Resources */,
			);
			runOnlyForDeploymentPostprocessing = 0;
		};
		4709E4311B5FDD2E00514093 /* Resources */ = {
			isa = PBXResourcesBuildPhase;
			buildActionMask = 2147483647;
			files = (
			);
			runOnlyForDeploymentPostprocessing = 0;
		};
/* End PBXResourcesBuildPhase section */

/* Begin PBXSourcesBuildPhase section */
		4709E4161B5FDD2E00514093 /* Sources */ = {
			isa = PBXSourcesBuildPhase;
			buildActionMask = 2147483647;
			files = (
				4709E4261B5FDD2E00514093 /* ViewController.m in Sources */,
				4709E4231B5FDD2E00514093 /* AppDelegate.m in Sources */,
				4709E4201B5FDD2E00514093 /* main.m in Sources */,
			);
			runOnlyForDeploymentPostprocessing = 0;
		};
		4709E42F1B5FDD2E00514093 /* Sources */ = {
			isa = PBXSourcesBuildPhase;
			buildActionMask = 2147483647;
			files = (
				4709E43A1B5FDD2E00514093 /* KTThenAndNowTests.m in Sources */,
			);
			runOnlyForDeploymentPostprocessing = 0;
		};
/* End PBXSourcesBuildPhase section */

/* Begin PBXTargetDependency section */
		4709E4351B5FDD2E00514093 /* PBXTargetDependency */ = {
			isa = PBXTargetDependency;
			target = 4709E4191B5FDD2E00514093 /* KTThenAndNow */;
			targetProxy = 4709E4341B5FDD2E00514093 /* PBXContainerItemProxy */;
		};
/* End PBXTargetDependency section */

/* Begin PBXVariantGroup section */
		4709E4271B5FDD2E00514093 /* Main.storyboard */ = {
			isa = PBXVariantGroup;
			children = (
				4709E4281B5FDD2E00514093 /* Base */,
			);
			name = Main.storyboard;
			sourceTree = "<group>";
		};
		4709E42C1B5FDD2E00514093 /* LaunchScreen.xib */ = {
			isa = PBXVariantGroup;
			children = (
				4709E42D1B5FDD2E00514093 /* Base */,
			);
			name = LaunchScreen.xib;
			sourceTree = "<group>";
		};
/* End PBXVariantGroup section */

/* Begin XCBuildConfiguration section */
		4709E43B1B5FDD2E00514093 /* Debug */ = {
			isa = XCBuildConfiguration;
			buildSettings = {
				ALWAYS_SEARCH_USER_PATHS = NO;
				CLANG_CXX_LANGUAGE_STANDARD = "gnu++0x";
				CLANG_CXX_LIBRARY = "libc++";
				CLANG_ENABLE_MODULES = YES;
				CLANG_ENABLE_OBJC_ARC = YES;
				CLANG_WARN_BOOL_CONVERSION = YES;
				CLANG_WARN_CONSTANT_CONVERSION = YES;
				CLANG_WARN_DIRECT_OBJC_ISA_USAGE = YES_ERROR;
				CLANG_WARN_EMPTY_BODY = YES;
				CLANG_WARN_ENUM_CONVERSION = YES;
				CLANG_WARN_INT_CONVERSION = YES;
				CLANG_WARN_OBJC_ROOT_CLASS = YES_ERROR;
				CLANG_WARN_UNREACHABLE_CODE = YES;
				CLANG_WARN__DUPLICATE_METHOD_MATCH = YES;
				"CODE_SIGN_IDENTITY[sdk=iphoneos*]" = "iPhone Developer";
				COPY_PHASE_STRIP = NO;
				DEBUG_INFORMATION_FORMAT = "dwarf-with-dsym";
				ENABLE_STRICT_OBJC_MSGSEND = YES;
				GCC_C_LANGUAGE_STANDARD = gnu99;
				GCC_DYNAMIC_NO_PIC = NO;
				GCC_NO_COMMON_BLOCKS = YES;
				GCC_OPTIMIZATION_LEVEL = 0;
				GCC_PREPROCESSOR_DEFINITIONS = (
					"DEBUG=1",
					"$(inherited)",
				);
				GCC_SYMBOLS_PRIVATE_EXTERN = NO;
				GCC_WARN_64_TO_32_BIT_CONVERSION = YES;
				GCC_WARN_ABOUT_RETURN_TYPE = YES_ERROR;
				GCC_WARN_UNDECLARED_SELECTOR = YES;
				GCC_WARN_UNINITIALIZED_AUTOS = YES_AGGRESSIVE;
				GCC_WARN_UNUSED_FUNCTION = YES;
				GCC_WARN_UNUSED_VARIABLE = YES;
				IPHONEOS_DEPLOYMENT_TARGET = 8.3;
				MTL_ENABLE_DEBUG_INFO = YES;
				ONLY_ACTIVE_ARCH = YES;
				SDKROOT = iphoneos;
				TARGETED_DEVICE_FAMILY = "1,2";
			};
			name = Debug;
		};
		4709E43C1B5FDD2E00514093 /* Release */ = {
			isa = XCBuildConfiguration;
			buildSettings = {
				ALWAYS_SEARCH_USER_PATHS = NO;
				CLANG_CXX_LANGUAGE_STANDARD = "gnu++0x";
				CLANG_CXX_LIBRARY = "libc++";
				CLANG_ENABLE_MODULES = YES;
				CLANG_ENABLE_OBJC_ARC = YES;
				CLANG_WARN_BOOL_CONVERSION = YES;
				CLANG_WARN_CONSTANT_CONVERSION = YES;
				CLANG_WARN_DIRECT_OBJC_ISA_USAGE = YES_ERROR;
				CLANG_WARN_EMPTY_BODY = YES;
				CLANG_WARN_ENUM_CONVERSION = YES;
				CLANG_WARN_INT_CONVERSION = YES;
				CLANG_WARN_OBJC_ROOT_CLASS = YES_ERROR;
				CLANG_WARN_UNREACHABLE_CODE = YES;
				CLANG_WARN__DUPLICATE_METHOD_MATCH = YES;
				"CODE_SIGN_IDENTITY[sdk=iphoneos*]" = "iPhone Developer";
				COPY_PHASE_STRIP = NO;
				DEBUG_INFORMATION_FORMAT = "dwarf-with-dsym";
				ENABLE_NS_ASSERTIONS = NO;
				ENABLE_STRICT_OBJC_MSGSEND = YES;
				GCC_C_LANGUAGE_STANDARD = gnu99;
				GCC_NO_COMMON_BLOCKS = YES;
				GCC_WARN_64_TO_32_BIT_CONVERSION = YES;
				GCC_WARN_ABOUT_RETURN_TYPE = YES_ERROR;
				GCC_WARN_UNDECLARED_SELECTOR = YES;
				GCC_WARN_UNINITIALIZED_AUTOS = YES_AGGRESSIVE;
				GCC_WARN_UNUSED_FUNCTION = YES;
				GCC_WARN_UNUSED_VARIABLE = YES;
				IPHONEOS_DEPLOYMENT_TARGET = 8.3;
				MTL_ENABLE_DEBUG_INFO = NO;
				SDKROOT = iphoneos;
				TARGETED_DEVICE_FAMILY = "1,2";
				VALIDATE_PRODUCT = YES;
			};
			name = Release;
		};
		4709E43E1B5FDD2E00514093 /* Debug */ = {
			isa = XCBuildConfiguration;
			buildSettings = {
				ASSETCATALOG_COMPILER_APPICON_NAME = AppIcon;
				INFOPLIST_FILE = KTThenAndNow/Info.plist;
				LD_RUNPATH_SEARCH_PATHS = "$(inherited) @executable_path/Frameworks";
				PRODUCT_NAME = "$(TARGET_NAME)";
			};
			name = Debug;
		};
		4709E43F1B5FDD2E00514093 /* Release */ = {
			isa = XCBuildConfiguration;
			buildSettings = {
				ASSETCATALOG_COMPILER_APPICON_NAME = AppIcon;
				INFOPLIST_FILE = KTThenAndNow/Info.plist;
				LD_RUNPATH_SEARCH_PATHS = "$(inherited) @executable_path/Frameworks";
				PRODUCT_NAME = "$(TARGET_NAME)";
			};
			name = Release;
		};
		4709E4411B5FDD2E00514093 /* Debug */ = {
			isa = XCBuildConfiguration;
			buildSettings = {
				BUNDLE_LOADER = "$(TEST_HOST)";
				FRAMEWORK_SEARCH_PATHS = (
					"$(SDKROOT)/Developer/Library/Frameworks",
					"$(inherited)",
				);
				GCC_PREPROCESSOR_DEFINITIONS = (
					"DEBUG=1",
					"$(inherited)",
				);
				INFOPLIST_FILE = KTThenAndNowTests/Info.plist;
				LD_RUNPATH_SEARCH_PATHS = "$(inherited) @executable_path/Frameworks @loader_path/Frameworks";
				PRODUCT_NAME = "$(TARGET_NAME)";
				TEST_HOST = "$(BUILT_PRODUCTS_DIR)/KTThenAndNow.app/KTThenAndNow";
			};
			name = Debug;
		};
		4709E4421B5FDD2E00514093 /* Release */ = {
			isa = XCBuildConfiguration;
			buildSettings = {
				BUNDLE_LOADER = "$(TEST_HOST)";
				FRAMEWORK_SEARCH_PATHS = (
					"$(SDKROOT)/Developer/Library/Frameworks",
					"$(inherited)",
				);
				INFOPLIST_FILE = KTThenAndNowTests/Info.plist;
				LD_RUNPATH_SEARCH_PATHS = "$(inherited) @executable_path/Frameworks @loader_path/Frameworks";
				PRODUCT_NAME = "$(TARGET_NAME)";
				TEST_HOST = "$(BUILT_PRODUCTS_DIR)/KTThenAndNow.app/KTThenAndNow";
			};
			name = Release;
		};
/* End XCBuildConfiguration section */

/* Begin XCConfigurationList section */
		4709E4151B5FDD2E00514093 /* Build configuration list for PBXProject "KTThenAndNow" */ = {
			isa = XCConfigurationList;
			buildConfigurations = (
				4709E43B1B5FDD2E00514093 /* Debug */,
				4709E43C1B5FDD2E00514093 /* Release */,
			);
			defaultConfigurationIsVisible = 0;
			defaultConfigurationName = Release;
		};
		4709E43D1B5FDD2E00514093 /* Build configuration list for PBXNativeTarget "KTThenAndNow" */ = {
			isa = XCConfigurationList;
			buildConfigurations = (
				4709E43E1B5FDD2E00514093 /* Debug */,
				4709E43F1B5FDD2E00514093 /* Release */,
			);
			defaultConfigurationIsVisible = 0;
		};
		4709E4401B5FDD2E00514093 /* Build configuration list for PBXNativeTarget "KTThenAndNowTests" */ = {
			isa = XCConfigurationList;
			buildConfigurations = (
				4709E4411B5FDD2E00514093 /* Debug */,
				4709E4421B5FDD2E00514093 /* Release */,
			);
			defaultConfigurationIsVisible = 0;
		};
/* End XCConfigurationList section */
	};
	rootObject = 4709E4121B5FDD2E00514093 /* Project object */;
}
